{
    "version": 3,
    "terraform_version": "0.11.11",
    "serial": 14,
    "lineage": "809ec911-7662-e03f-7e7a-7c050bf18182",
    "modules": [
        {
            "path": [
                "root"
            ],
            "outputs": {},
            "resources": {
                "google_compute_firewall.default": {
                    "type": "google_compute_firewall",
                    "depends_on": [],
                    "primary": {
                        "id": "flask-app-firewall",
                        "attributes": {
                            "allow.#": "1",
                            "allow.3849461082.ports.#": "2",
                            "allow.3849461082.ports.0": "30",
                            "allow.3849461082.ports.1": "9090",
                            "allow.3849461082.protocol": "tcp",
                            "creation_timestamp": "2020-03-23T07:00:39.711-07:00",
                            "deny.#": "0",
                            "description": "",
                            "destination_ranges.#": "0",
                            "direction": "INGRESS",
                            "disabled": "false",
                            "id": "flask-app-firewall",
                            "name": "flask-app-firewall",
                            "network": "https://www.googleapis.com/compute/v1/projects/careful-lock-271320/global/networks/default",
                            "priority": "1000",
                            "project": "careful-lock-271320",
                            "self_link": "https://www.googleapis.com/compute/v1/projects/careful-lock-271320/global/firewalls/flask-app-firewall",
                            "source_ranges.#": "1",
                            "source_ranges.1080289494": "0.0.0.0/0",
                            "source_service_accounts.#": "0",
                            "source_tags.#": "0",
                            "target_service_accounts.#": "0",
                            "target_tags.#": "0"
                        },
                        "meta": {
                            "e2bfb730-ecaa-11e6-8f88-34363bc7c4c0": {
                                "create": 240000000000,
                                "delete": 240000000000,
                                "update": 240000000000
                            },
                            "schema_version": "1"
                        },
                        "tainted": false
                    },
                    "deposed": [],
                    "provider": "provider.google"
                },
                "random_id.instance_id": {
                    "type": "random_id",
                    "depends_on": [],
                    "primary": {
                        "id": "lTtvPCllFr8",
                        "attributes": {
                            "b64": "lTtvPCllFr8",
                            "b64_std": "lTtvPCllFr8=",
                            "b64_url": "lTtvPCllFr8",
                            "byte_length": "8",
                            "dec": "10753310839460402879",
                            "hex": "953b6f3c296516bf",
                            "id": "lTtvPCllFr8"
                        },
                        "meta": {},
                        "tainted": false
                    },
                    "deposed": [],
                    "provider": "provider.random"
                }
            },
            "depends_on": []
        }
    ]
}
