{
    "version": 3,
    "terraform_version": "0.11.11",
    "serial": 10,
    "lineage": "809ec911-7662-e03f-7e7a-7c050bf18182",
    "modules": [
        {
            "path": [
                "root"
            ],
            "outputs": {},
            "resources": {
                "google_compute_firewall.default": {
                    "type": "google_compute_firewall",
                    "depends_on": [],
                    "primary": {
                        "id": "flask-app-firewall",
                        "attributes": {
                            "allow.#": "1",
                            "allow.3849461082.ports.#": "2",
                            "allow.3849461082.ports.0": "30",
                            "allow.3849461082.ports.1": "9090",
                            "allow.3849461082.protocol": "tcp",
                            "creation_timestamp": "2020-03-23T07:00:39.711-07:00",
                            "deny.#": "0",
                            "description": "",
                            "destination_ranges.#": "0",
                            "direction": "INGRESS",
                            "disabled": "false",
                            "id": "flask-app-firewall",
                            "name": "flask-app-firewall",
                            "network": "https://www.googleapis.com/compute/v1/projects/careful-lock-271320/global/networks/default",
                            "priority": "1000",
                            "project": "careful-lock-271320",
                            "self_link": "https://www.googleapis.com/compute/v1/projects/careful-lock-271320/global/firewalls/flask-app-firewall",
                            "source_ranges.#": "1",
                            "source_ranges.1080289494": "0.0.0.0/0",
                            "source_service_accounts.#": "0",
                            "source_tags.#": "0",
                            "target_service_accounts.#": "0",
                            "target_tags.#": "0"
                        },
                        "meta": {
                            "e2bfb730-ecaa-11e6-8f88-34363bc7c4c0": {
                                "create": 240000000000,
                                "delete": 240000000000,
                                "update": 240000000000
                            },
                            "schema_version": "1"
                        },
                        "tainted": false
                    },
                    "deposed": [],
                    "provider": "provider.google"
                },
                "google_compute_instance.default": {
                    "type": "google_compute_instance",
                    "depends_on": [
                        "random_id.instance_id"
                    ],
                    "primary": {
                        "id": "flask-vm-953b6f3c296516bf",
                        "attributes": {
                            "attached_disk.#": "0",
                            "boot_disk.#": "1",
                            "boot_disk.0.auto_delete": "true",
                            "boot_disk.0.device_name": "persistent-disk-0",
                            "boot_disk.0.disk_encryption_key_raw": "",
                            "boot_disk.0.disk_encryption_key_sha256": "",
                            "boot_disk.0.initialize_params.#": "1",
                            "boot_disk.0.initialize_params.0.image": "https://www.googleapis.com/compute/v1/projects/debian-cloud/global/images/debian-9-stretch-v20200309",
                            "boot_disk.0.initialize_params.0.labels.%": "0",
                            "boot_disk.0.initialize_params.0.size": "10",
                            "boot_disk.0.initialize_params.0.type": "pd-standard",
                            "boot_disk.0.kms_key_self_link": "",
                            "boot_disk.0.mode": "READ_WRITE",
                            "boot_disk.0.source": "https://www.googleapis.com/compute/v1/projects/careful-lock-271320/zones/us-central1-c/disks/flask-vm-953b6f3c296516bf",
                            "can_ip_forward": "false",
                            "cpu_platform": "Intel Haswell",
                            "deletion_protection": "false",
                            "description": "",
                            "enable_display": "false",
                            "guest_accelerator.#": "0",
                            "hostname": "",
                            "id": "flask-vm-953b6f3c296516bf",
                            "instance_id": "7757751471874342887",
                            "label_fingerprint": "42WmSpB8rSM=",
                            "labels.%": "0",
                            "machine_type": "n1-standard-1",
                            "metadata.%": "1",
                            "metadata.ssh-keys": "nevermind:ssh-rsa AAAAB3NzaC1yc2EAAAADAQABAAACAQDE6lHuSvcvsb/CxHroKbTKCDjI6XiqQubOUxgIvgIClMCNGRQqMkjAcwp8ic2JVe7wz/cNgDxpvPZ37ICTv3Za//j4AwMyRu4OfeHnoVdojGzwCR2Q//BReOmtc9LZ8XMI10QGOx1d8QlJWx8WrkuEzVPOCbQwpNMJDfUQSH0hDDiu37+lgkGiVMNCNAzalDthDLWTW9gI/jZjT0wrktm3nCuVj6JMO7HaDQuWn5IRFEbS629NAXUnkDY5mTH4LWrBPSGfhrAJdzgFMCXjxJ/oluQ6dgUXiHxXoMsJbCva9AVPiaeXMMSDzkofnaP3cu6Z/+UCsRen1ltSJDksxMeUORNhg/PhQYCfCVH1zhj61J4ppyoo1YjYmkzbcdNIF8GwSqOxSLxCtEcJfK8G9An2VhDvVzhgr+x7bw+tDXWQfjaA8FmvMsYGgV+bli6loyM1iHoIetW4ijlDYvZPIpIrcrT6VDWVzFE1jiCxHYTQ6WcQhoUr8eIG6d9I+U+5pR0EorbMvg0RtjiME+CtquAlsr1EUw7MbYDXCV5UZqE/+5X68aMO4CakjIZBb0YD0m77smBw5Yt8TCO2kYT9t+WqkSzfYeIhL0/ivpkCBD1gVMfJSkp4jIhCnA/M+vJ45h8umOEEipi3sLVASRO38sbrreE2fjy6W2At4pUcGtLYuQ== romanshpurko2988@gmail.com\n",
                            "metadata_fingerprint": "lutl4cjMcsY=",
                            "metadata_startup_script": "sudo apt-get update; sudo apt-get install -yq build-essential python-pip rsync; pip install flask; sudo apt install curl; curl -4 icanhazip.com | tee ip.txt",
                            "min_cpu_platform": "",
                            "name": "flask-vm-953b6f3c296516bf",
                            "network_interface.#": "1",
                            "network_interface.0.access_config.#": "1",
                            "network_interface.0.access_config.0.assigned_nat_ip": "",
                            "network_interface.0.access_config.0.nat_ip": "35.192.13.133",
                            "network_interface.0.access_config.0.network_tier": "PREMIUM",
                            "network_interface.0.access_config.0.public_ptr_domain_name": "",
                            "network_interface.0.address": "",
                            "network_interface.0.alias_ip_range.#": "0",
                            "network_interface.0.name": "nic0",
                            "network_interface.0.network": "https://www.googleapis.com/compute/v1/projects/careful-lock-271320/global/networks/my-network-11",
                            "network_interface.0.network_ip": "10.128.0.5",
                            "network_interface.0.subnetwork": "https://www.googleapis.com/compute/v1/projects/careful-lock-271320/regions/us-central1/subnetworks/my-network-11",
                            "network_interface.0.subnetwork_project": "careful-lock-271320",
                            "project": "careful-lock-271320",
                            "scheduling.#": "1",
                            "scheduling.0.automatic_restart": "true",
                            "scheduling.0.node_affinities.#": "0",
                            "scheduling.0.on_host_maintenance": "MIGRATE",
                            "scheduling.0.preemptible": "false",
                            "scratch_disk.#": "0",
                            "self_link": "https://www.googleapis.com/compute/v1/projects/careful-lock-271320/zones/us-central1-c/instances/flask-vm-953b6f3c296516bf",
                            "service_account.#": "0",
                            "shielded_instance_config.#": "0",
                            "tags.#": "0",
                            "tags_fingerprint": "42WmSpB8rSM=",
                            "zone": "us-central1-c"
                        },
                        "meta": {
                            "e2bfb730-ecaa-11e6-8f88-34363bc7c4c0": {
                                "create": 1200000000000,
                                "delete": 1200000000000,
                                "update": 1200000000000
                            },
                            "schema_version": "6"
                        },
                        "tainted": false
                    },
                    "deposed": [],
                    "provider": "provider.google"
                },
                "google_compute_instance.default2": {
                    "type": "google_compute_instance",
                    "depends_on": [
                        "random_id.instance_id2"
                    ],
                    "primary": {
                        "id": "flask-vm-dc261b1482e8ba4a",
                        "attributes": {
                            "attached_disk.#": "0",
                            "boot_disk.#": "1",
                            "boot_disk.0.auto_delete": "true",
                            "boot_disk.0.device_name": "persistent-disk-0",
                            "boot_disk.0.disk_encryption_key_raw": "",
                            "boot_disk.0.disk_encryption_key_sha256": "",
                            "boot_disk.0.initialize_params.#": "1",
                            "boot_disk.0.initialize_params.0.image": "https://www.googleapis.com/compute/v1/projects/debian-cloud/global/images/debian-9-stretch-v20200309",
                            "boot_disk.0.initialize_params.0.labels.%": "0",
                            "boot_disk.0.initialize_params.0.size": "10",
                            "boot_disk.0.initialize_params.0.type": "pd-standard",
                            "boot_disk.0.kms_key_self_link": "",
                            "boot_disk.0.mode": "READ_WRITE",
                            "boot_disk.0.source": "https://www.googleapis.com/compute/v1/projects/careful-lock-271320/zones/us-central1-a/disks/flask-vm-dc261b1482e8ba4a",
                            "can_ip_forward": "false",
                            "cpu_platform": "Intel Haswell",
                            "deletion_protection": "false",
                            "description": "",
                            "enable_display": "false",
                            "guest_accelerator.#": "0",
                            "hostname": "",
                            "id": "flask-vm-dc261b1482e8ba4a",
                            "instance_id": "3814002343365935079",
                            "label_fingerprint": "42WmSpB8rSM=",
                            "labels.%": "0",
                            "machine_type": "n1-standard-1",
                            "metadata.%": "1",
                            "metadata.ssh-keys": "nevermind:ssh-rsa AAAAB3NzaC1yc2EAAAADAQABAAACAQDE6lHuSvcvsb/CxHroKbTKCDjI6XiqQubOUxgIvgIClMCNGRQqMkjAcwp8ic2JVe7wz/cNgDxpvPZ37ICTv3Za//j4AwMyRu4OfeHnoVdojGzwCR2Q//BReOmtc9LZ8XMI10QGOx1d8QlJWx8WrkuEzVPOCbQwpNMJDfUQSH0hDDiu37+lgkGiVMNCNAzalDthDLWTW9gI/jZjT0wrktm3nCuVj6JMO7HaDQuWn5IRFEbS629NAXUnkDY5mTH4LWrBPSGfhrAJdzgFMCXjxJ/oluQ6dgUXiHxXoMsJbCva9AVPiaeXMMSDzkofnaP3cu6Z/+UCsRen1ltSJDksxMeUORNhg/PhQYCfCVH1zhj61J4ppyoo1YjYmkzbcdNIF8GwSqOxSLxCtEcJfK8G9An2VhDvVzhgr+x7bw+tDXWQfjaA8FmvMsYGgV+bli6loyM1iHoIetW4ijlDYvZPIpIrcrT6VDWVzFE1jiCxHYTQ6WcQhoUr8eIG6d9I+U+5pR0EorbMvg0RtjiME+CtquAlsr1EUw7MbYDXCV5UZqE/+5X68aMO4CakjIZBb0YD0m77smBw5Yt8TCO2kYT9t+WqkSzfYeIhL0/ivpkCBD1gVMfJSkp4jIhCnA/M+vJ45h8umOEEipi3sLVASRO38sbrreE2fjy6W2At4pUcGtLYuQ== romanshpurko2988@gmail.com\n",
                            "metadata_fingerprint": "lutl4cjMcsY=",
                            "metadata_startup_script": "sudo apt-get update; sudo apt-get install -yq build-essential python-pip rsync; pip install flask; sudo apt install curl; curl -4 icanhazip.com | tee ip.txt",
                            "min_cpu_platform": "",
                            "name": "flask-vm-dc261b1482e8ba4a",
                            "network_interface.#": "1",
                            "network_interface.0.access_config.#": "1",
                            "network_interface.0.access_config.0.assigned_nat_ip": "",
                            "network_interface.0.access_config.0.nat_ip": "35.224.135.100",
                            "network_interface.0.access_config.0.network_tier": "PREMIUM",
                            "network_interface.0.access_config.0.public_ptr_domain_name": "",
                            "network_interface.0.address": "",
                            "network_interface.0.alias_ip_range.#": "0",
                            "network_interface.0.name": "nic0",
                            "network_interface.0.network": "https://www.googleapis.com/compute/v1/projects/careful-lock-271320/global/networks/my-network-11",
                            "network_interface.0.network_ip": "10.128.0.6",
                            "network_interface.0.subnetwork": "https://www.googleapis.com/compute/v1/projects/careful-lock-271320/regions/us-central1/subnetworks/my-network-11",
                            "network_interface.0.subnetwork_project": "careful-lock-271320",
                            "project": "careful-lock-271320",
                            "scheduling.#": "1",
                            "scheduling.0.automatic_restart": "true",
                            "scheduling.0.node_affinities.#": "0",
                            "scheduling.0.on_host_maintenance": "MIGRATE",
                            "scheduling.0.preemptible": "false",
                            "scratch_disk.#": "0",
                            "self_link": "https://www.googleapis.com/compute/v1/projects/careful-lock-271320/zones/us-central1-a/instances/flask-vm-dc261b1482e8ba4a",
                            "service_account.#": "0",
                            "shielded_instance_config.#": "0",
                            "tags.#": "0",
                            "tags_fingerprint": "42WmSpB8rSM=",
                            "zone": "us-central1-a"
                        },
                        "meta": {
                            "e2bfb730-ecaa-11e6-8f88-34363bc7c4c0": {
                                "create": 1200000000000,
                                "delete": 1200000000000,
                                "update": 1200000000000
                            },
                            "schema_version": "6"
                        },
                        "tainted": false
                    },
                    "deposed": [],
                    "provider": "provider.google"
                },
                "random_id.instance_id": {
                    "type": "random_id",
                    "depends_on": [],
                    "primary": {
                        "id": "lTtvPCllFr8",
                        "attributes": {
                            "b64": "lTtvPCllFr8",
                            "b64_std": "lTtvPCllFr8=",
                            "b64_url": "lTtvPCllFr8",
                            "byte_length": "8",
                            "dec": "10753310839460402879",
                            "hex": "953b6f3c296516bf",
                            "id": "lTtvPCllFr8"
                        },
                        "meta": {},
                        "tainted": false
                    },
                    "deposed": [],
                    "provider": "provider.random"
                },
                "random_id.instance_id2": {
                    "type": "random_id",
                    "depends_on": [],
                    "primary": {
                        "id": "3CYbFILouko",
                        "attributes": {
                            "b64": "3CYbFILouko",
                            "b64_std": "3CYbFILouko=",
                            "b64_url": "3CYbFILouko",
                            "byte_length": "8",
                            "dec": "15863396512368736842",
                            "hex": "dc261b1482e8ba4a",
                            "id": "3CYbFILouko"
                        },
                        "meta": {},
                        "tainted": false
                    },
                    "deposed": [],
                    "provider": "provider.random"
                }
            },
            "depends_on": []
        }
    ]
}
