{
  "version": 4,
  "terraform_version": "0.12.24",
  "serial": 97,
  "lineage": "21fa4b35-1093-6fe5-0745-c44dd22241ab",
  "outputs": {
    "load_balancer_ip_address": {
      "value": "34.102.254.70",
      "type": "string"
    }
  },
  "resources": [
    {
      "mode": "data",
      "type": "google_compute_image",
      "name": "debian_9",
      "provider": "provider.google-beta",
      "instances": [
        {
          "schema_version": 0,
          "attributes": {
            "archive_size_bytes": 14438527104,
            "creation_timestamp": "2020-04-20T12:14:34.136-07:00",
            "description": "Debian, Debian GNU/Linux, 9 (stretch), amd64 built on 20200420",
            "disk_size_gb": 10,
            "family": "debian-9",
            "id": "debian-cloud/family/debian-9",
            "image_encryption_key_sha256": "",
            "image_id": "8319114915905292918",
            "label_fingerprint": "42WmSpB8rSM=",
            "labels": {},
            "licenses": [
              "https://www.googleapis.com/compute/beta/projects/debian-cloud/global/licenses/debian-9-stretch"
            ],
            "name": "debian-9-stretch-v20200420",
            "project": "debian-cloud",
            "self_link": "https://www.googleapis.com/compute/beta/projects/debian-cloud/global/images/debian-9-stretch-v20200420",
            "source_disk": "",
            "source_disk_encryption_key_sha256": "",
            "source_disk_id": "",
            "source_image_id": "",
            "status": "READY"
          }
        }
      ]
    },
    {
      "mode": "managed",
      "type": "google_compute_autoscaler",
      "name": "default",
      "provider": "provider.google-beta",
      "instances": [
        {
          "schema_version": 0,
          "attributes": {
            "autoscaling_policy": [
              {
                "cooldown_period": 60,
                "cpu_utilization": [],
                "load_balancing_utilization": [],
                "max_replicas": 5,
                "metric": [
                  {
                    "filter": "resource.type = pubsub_subscription AND resource.label.subscription_id = our-subscription",
                    "name": "pubsub.googleapis.com/subscription/num_undelivered_messages",
                    "single_instance_assignment": 65535,
                    "target": 0,
                    "type": ""
                  }
                ],
                "min_replicas": 1
              }
            ],
            "creation_timestamp": "2020-04-21T05:42:44.919-07:00",
            "description": "",
            "id": "projects/careful-lock-271320/zones/us-central1-f/autoscalers/my-autoscaler",
            "name": "my-autoscaler",
            "project": "careful-lock-271320",
            "self_link": "https://www.googleapis.com/compute/v1/projects/careful-lock-271320/zones/us-central1-f/autoscalers/my-autoscaler",
            "target": "https://www.googleapis.com/compute/v1/projects/careful-lock-271320/zones/us-central1-f/instanceGroupManagers/my-igm",
            "timeouts": null,
            "zone": "https://www.googleapis.com/compute/v1/projects/careful-lock-271320/zones/us-central1-f"
          },
          "private": "eyJlMmJmYjczMC1lY2FhLTExZTYtOGY4OC0zNDM2M2JjN2M0YzAiOnsiY3JlYXRlIjoyNDAwMDAwMDAwMDAsImRlbGV0ZSI6MjQwMDAwMDAwMDAwLCJ1cGRhdGUiOjI0MDAwMDAwMDAwMH19",
          "dependencies": [
            "google_compute_http_health_check.default",
            "google_compute_instance_group_manager.default",
            "google_compute_instance_template.default",
            "google_compute_target_pool.default"
          ]
        }
      ]
    },
    {
      "mode": "managed",
      "type": "google_compute_backend_service",
      "name": "home",
      "provider": "provider.google-beta",
      "instances": [
        {
          "schema_version": 1,
          "attributes": {
            "affinity_cookie_ttl_sec": 0,
            "backend": [],
            "cdn_policy": [],
            "circuit_breakers": [],
            "connection_draining_timeout_sec": 300,
            "consistent_hash": [],
            "creation_timestamp": "2020-04-21T05:04:01.178-07:00",
            "custom_request_headers": [],
            "description": "",
            "enable_cdn": false,
            "fingerprint": "5zCOEunBbjA=",
            "health_checks": [
              "https://www.googleapis.com/compute/v1/projects/careful-lock-271320/global/httpHealthChecks/authentication-health-check"
            ],
            "iap": [],
            "id": "projects/careful-lock-271320/global/backendServices/login",
            "load_balancing_scheme": "EXTERNAL",
            "locality_lb_policy": "",
            "log_config": [
              {
                "enable": true,
                "sample_rate": 1
              }
            ],
            "name": "login",
            "outlier_detection": [],
            "port_name": "http",
            "project": "careful-lock-271320",
            "protocol": "HTTP",
            "security_policy": "",
            "self_link": "https://www.googleapis.com/compute/v1/projects/careful-lock-271320/global/backendServices/login",
            "session_affinity": "NONE",
            "timeout_sec": 10,
            "timeouts": null
          },
          "private": "eyJlMmJmYjczMC1lY2FhLTExZTYtOGY4OC0zNDM2M2JjN2M0YzAiOnsiY3JlYXRlIjoyNDAwMDAwMDAwMDAsImRlbGV0ZSI6MjQwMDAwMDAwMDAwLCJ1cGRhdGUiOjI0MDAwMDAwMDAwMH0sInNjaGVtYV92ZXJzaW9uIjoiMSJ9",
          "dependencies": [
            "google_compute_http_health_check.default"
          ]
        }
      ]
    },
    {
      "mode": "managed",
      "type": "google_compute_firewall",
      "name": "default",
      "provider": "provider.google-beta",
      "instances": [
        {
          "schema_version": 1,
          "attributes": {
            "allow": [
              {
                "ports": [
                  "80",
                  "8080"
                ],
                "protocol": "tcp"
              }
            ],
            "creation_timestamp": "2020-04-21T05:51:33.746-07:00",
            "deny": [],
            "description": "",
            "destination_ranges": [],
            "direction": "INGRESS",
            "disabled": false,
            "enable_logging": false,
            "id": "projects/careful-lock-271320/global/firewalls/test-firewall",
            "name": "test-firewall",
            "network": "https://www.googleapis.com/compute/v1/projects/careful-lock-271320/global/networks/my-network-11",
            "priority": 1000,
            "project": "careful-lock-271320",
            "self_link": "https://www.googleapis.com/compute/v1/projects/careful-lock-271320/global/firewalls/test-firewall",
            "source_ranges": [],
            "source_service_accounts": [],
            "source_tags": [
              "web"
            ],
            "target_service_accounts": [],
            "target_tags": [],
            "timeouts": null
          },
          "private": "eyJlMmJmYjczMC1lY2FhLTExZTYtOGY4OC0zNDM2M2JjN2M0YzAiOnsiY3JlYXRlIjoyNDAwMDAwMDAwMDAsImRlbGV0ZSI6MjQwMDAwMDAwMDAwLCJ1cGRhdGUiOjI0MDAwMDAwMDAwMH0sInNjaGVtYV92ZXJzaW9uIjoiMSJ9"
        }
      ]
    },
    {
      "module": "module.gce-lb-fr",
      "mode": "managed",
      "type": "google_compute_firewall",
      "name": "default-hc-fw",
      "each": "list",
      "provider": "provider.google",
      "instances": []
    },
    {
      "module": "module.gce-lb-fr",
      "mode": "managed",
      "type": "google_compute_forwarding_rule",
      "name": "default",
      "provider": "provider.google",
      "instances": []
    },
    {
      "mode": "managed",
      "type": "google_compute_global_address",
      "name": "default",
      "provider": "provider.google-beta",
      "instances": [
        {
          "schema_version": 0,
          "attributes": {
            "address": "34.102.254.70",
            "address_type": "EXTERNAL",
            "creation_timestamp": "2020-04-17T15:13:03.543-07:00",
            "description": "",
            "id": "projects/careful-lock-271320/global/addresses/terraform-address",
            "ip_version": "",
            "label_fingerprint": "42WmSpB8rSM=",
            "labels": {},
            "name": "terraform-address",
            "network": "",
            "prefix_length": 0,
            "project": "careful-lock-271320",
            "purpose": "",
            "self_link": "https://www.googleapis.com/compute/v1/projects/careful-lock-271320/global/addresses/terraform-address",
            "timeouts": null
          },
          "private": "eyJlMmJmYjczMC1lY2FhLTExZTYtOGY4OC0zNDM2M2JjN2M0YzAiOnsiY3JlYXRlIjoyNDAwMDAwMDAwMDAsImRlbGV0ZSI6MjQwMDAwMDAwMDAwLCJ1cGRhdGUiOjI0MDAwMDAwMDAwMH19"
        }
      ]
    },
    {
      "mode": "managed",
      "type": "google_compute_global_forwarding_rule",
      "name": "http",
      "each": "list",
      "provider": "provider.google-beta",
      "instances": [
        {
          "index_key": 0,
          "schema_version": 0,
          "attributes": {
            "description": "",
            "id": "projects/careful-lock-271320/global/forwardingRules/terraform-http-rule",
            "ip_address": "34.102.254.70",
            "ip_protocol": "TCP",
            "ip_version": "",
            "label_fingerprint": "42WmSpB8rSM=",
            "labels": {},
            "load_balancing_scheme": "EXTERNAL",
            "metadata_filters": [],
            "name": "terraform-http-rule",
            "network": "",
            "port_range": "80-80",
            "project": "careful-lock-271320",
            "self_link": "https://www.googleapis.com/compute/v1/projects/careful-lock-271320/global/forwardingRules/terraform-http-rule",
            "target": "https://www.googleapis.com/compute/beta/projects/careful-lock-271320/global/targetHttpProxies/terraform-http-proxy",
            "timeouts": null
          },
          "private": "eyJlMmJmYjczMC1lY2FhLTExZTYtOGY4OC0zNDM2M2JjN2M0YzAiOnsiY3JlYXRlIjoyNDAwMDAwMDAwMDAsImRlbGV0ZSI6MjQwMDAwMDAwMDAwLCJ1cGRhdGUiOjI0MDAwMDAwMDAwMH19",
          "dependencies": [
            "google_compute_backend_service.home",
            "google_compute_global_address.default",
            "google_compute_http_health_check.default",
            "google_compute_target_http_proxy.http",
            "google_compute_url_map.urlmap"
          ]
        }
      ]
    },
    {
      "mode": "managed",
      "type": "google_compute_http_health_check",
      "name": "default",
      "provider": "provider.google-beta",
      "instances": [
        {
          "schema_version": 0,
          "attributes": {
            "check_interval_sec": 1,
            "creation_timestamp": "2020-04-16T07:27:10.952-07:00",
            "description": "",
            "healthy_threshold": 2,
            "host": "",
            "id": "projects/careful-lock-271320/global/httpHealthChecks/authentication-health-check",
            "name": "authentication-health-check",
            "port": 80,
            "project": "careful-lock-271320",
            "request_path": "/",
            "self_link": "https://www.googleapis.com/compute/v1/projects/careful-lock-271320/global/httpHealthChecks/authentication-health-check",
            "timeout_sec": 1,
            "timeouts": null,
            "unhealthy_threshold": 2
          },
          "private": "eyJlMmJmYjczMC1lY2FhLTExZTYtOGY4OC0zNDM2M2JjN2M0YzAiOnsiY3JlYXRlIjoyNDAwMDAwMDAwMDAsImRlbGV0ZSI6MjQwMDAwMDAwMDAwLCJ1cGRhdGUiOjI0MDAwMDAwMDAwMH19"
        }
      ]
    },
    {
      "module": "module.gce-lb-fr",
      "mode": "managed",
      "type": "google_compute_http_health_check",
      "name": "default",
      "each": "list",
      "provider": "provider.google",
      "instances": []
    },
    {
      "mode": "managed",
      "type": "google_compute_instance_group_manager",
      "name": "default",
      "provider": "provider.google-beta",
      "instances": [
        {
          "schema_version": 0,
          "attributes": {
            "auto_healing_policies": [
              {
                "health_check": "https://www.googleapis.com/compute/beta/projects/careful-lock-271320/global/httpHealthChecks/authentication-health-check",
                "initial_delay_sec": 300
              }
            ],
            "base_instance_name": "autoscaler-sample",
            "description": "",
            "fingerprint": "8p8TJmizRoM=",
            "id": "projects/careful-lock-271320/zones/us-central1-f/instanceGroupManagers/my-igm",
            "instance_group": "https://www.googleapis.com/compute/v1/projects/careful-lock-271320/zones/us-central1-f/instanceGroups/my-igm",
            "instance_template": null,
            "name": "my-igm",
            "named_port": [
              {
                "name": "custom-http",
                "port": 8080
              }
            ],
            "project": "careful-lock-271320",
            "self_link": "https://www.googleapis.com/compute/v1/projects/careful-lock-271320/zones/us-central1-f/instanceGroupManagers/my-igm",
            "target_pools": [
              "https://www.googleapis.com/compute/v1/projects/careful-lock-271320/regions/us-central1/targetPools/instance-pool"
            ],
            "target_size": 1,
            "timeouts": null,
            "update_policy": [
              {
                "max_surge_fixed": 1,
                "max_surge_percent": 0,
                "max_unavailable_fixed": 1,
                "max_unavailable_percent": 0,
                "min_ready_sec": 0,
                "minimal_action": "REPLACE",
                "type": "OPPORTUNISTIC"
              }
            ],
            "update_strategy": null,
            "version": [
              {
                "instance_template": "https://www.googleapis.com/compute/v1/projects/careful-lock-271320/global/instanceTemplates/my-instance-template23",
                "name": "primary",
                "target_size": []
              }
            ],
            "wait_for_instances": false,
            "zone": "us-central1-f"
          },
          "private": "eyJlMmJmYjczMC1lY2FhLTExZTYtOGY4OC0zNDM2M2JjN2M0YzAiOnsiY3JlYXRlIjozMDAwMDAwMDAwMDAsImRlbGV0ZSI6OTAwMDAwMDAwMDAwLCJ1cGRhdGUiOjMwMDAwMDAwMDAwMH19",
          "dependencies": [
            "google_compute_http_health_check.default",
            "google_compute_instance_template.default",
            "google_compute_target_pool.default"
          ]
        }
      ]
    },
    {
      "mode": "managed",
      "type": "google_compute_instance_template",
      "name": "default",
      "provider": "provider.google-beta",
      "instances": [
        {
          "schema_version": 1,
          "attributes": {
            "can_ip_forward": false,
            "description": "",
            "disk": [
              {
                "auto_delete": true,
                "boot": true,
                "device_name": "persistent-disk-0",
                "disk_encryption_key": [],
                "disk_name": "",
                "disk_size_gb": 0,
                "disk_type": "pd-standard",
                "interface": "SCSI",
                "labels": {},
                "mode": "READ_WRITE",
                "source": "",
                "source_image": "projects/ubuntu-os-cloud/global/images/family/ubuntu-1804-lts",
                "type": "PERSISTENT"
              }
            ],
            "enable_display": null,
            "guest_accelerator": [],
            "id": "projects/careful-lock-271320/global/instanceTemplates/my-instance-template23",
            "instance_description": "",
            "labels": null,
            "machine_type": "n1-standard-1",
            "metadata": {
              "metadata_startup_script": "sudo apt-get update; sudo apt-get install -yq build-essential python-pip rsync; pip install flask; sudo apt install curl; curl -4 icanhazip.com | tee ip.txt"
            },
            "metadata_fingerprint": "wCuaPHoVkMc=",
            "metadata_startup_script": null,
            "min_cpu_platform": "",
            "name": "my-instance-template23",
            "name_prefix": null,
            "network_interface": [
              {
                "access_config": [],
                "alias_ip_range": [],
                "name": "",
                "network": "https://www.googleapis.com/compute/v1/projects/careful-lock-271320/global/networks/my-network-11",
                "network_ip": "",
                "subnetwork": "",
                "subnetwork_project": ""
              }
            ],
            "project": "careful-lock-271320",
            "region": null,
            "scheduling": [
              {
                "automatic_restart": true,
                "node_affinities": [],
                "on_host_maintenance": "MIGRATE",
                "preemptible": false
              }
            ],
            "self_link": "https://www.googleapis.com/compute/beta/projects/careful-lock-271320/global/instanceTemplates/my-instance-template23",
            "service_account": [
              {
                "email": "default",
                "scopes": [
                  "https://www.googleapis.com/auth/compute.readonly",
                  "https://www.googleapis.com/auth/devstorage.read_only",
                  "https://www.googleapis.com/auth/userinfo.email"
                ]
              }
            ],
            "shielded_instance_config": [],
            "tags": [],
            "tags_fingerprint": ""
          },
          "private": "eyJzY2hlbWFfdmVyc2lvbiI6IjEifQ=="
        }
      ]
    },
    {
      "mode": "managed",
      "type": "google_compute_target_http_proxy",
      "name": "http",
      "each": "list",
      "provider": "provider.google-beta",
      "instances": [
        {
          "index_key": 0,
          "schema_version": 0,
          "attributes": {
            "creation_timestamp": "2020-04-21T05:04:25.600-07:00",
            "description": "",
            "id": "projects/careful-lock-271320/global/targetHttpProxies/terraform-http-proxy",
            "name": "terraform-http-proxy",
            "project": "careful-lock-271320",
            "proxy_id": 8561072207763300262,
            "self_link": "https://www.googleapis.com/compute/v1/projects/careful-lock-271320/global/targetHttpProxies/terraform-http-proxy",
            "timeouts": null,
            "url_map": "https://www.googleapis.com/compute/v1/projects/careful-lock-271320/global/urlMaps/urlmap"
          },
          "private": "eyJlMmJmYjczMC1lY2FhLTExZTYtOGY4OC0zNDM2M2JjN2M0YzAiOnsiY3JlYXRlIjoyNDAwMDAwMDAwMDAsImRlbGV0ZSI6MjQwMDAwMDAwMDAwLCJ1cGRhdGUiOjI0MDAwMDAwMDAwMH19",
          "dependencies": [
            "google_compute_backend_service.home",
            "google_compute_http_health_check.default",
            "google_compute_url_map.urlmap"
          ]
        }
      ]
    },
    {
      "mode": "managed",
      "type": "google_compute_target_pool",
      "name": "default",
      "provider": "provider.google-beta",
      "instances": [
        {
          "schema_version": 0,
          "attributes": {
            "backup_pool": "",
            "description": "",
            "failover_ratio": 0,
            "health_checks": [
              "https://www.googleapis.com/compute/beta/projects/careful-lock-271320/global/httpHealthChecks/authentication-health-check"
            ],
            "id": "projects/careful-lock-271320/regions/us-central1/targetPools/instance-pool",
            "instances": [
              "us-central1-a/my-instance-template1"
            ],
            "name": "instance-pool",
            "project": "careful-lock-271320",
            "region": "us-central1",
            "self_link": "https://www.googleapis.com/compute/beta/projects/careful-lock-271320/regions/us-central1/targetPools/instance-pool",
            "session_affinity": "NONE"
          },
          "private": "bnVsbA==",
          "dependencies": [
            "google_compute_http_health_check.default"
          ]
        }
      ]
    },
    {
      "module": "module.gce-lb-fr",
      "mode": "managed",
      "type": "google_compute_target_pool",
      "name": "default",
      "provider": "provider.google",
      "instances": []
    },
    {
      "mode": "managed",
      "type": "google_compute_url_map",
      "name": "urlmap",
      "provider": "provider.google-beta",
      "instances": [
        {
          "schema_version": 0,
          "attributes": {
            "creation_timestamp": "2020-04-21T05:04:13.278-07:00",
            "default_service": "https://www.googleapis.com/compute/v1/projects/careful-lock-271320/global/backendServices/login",
            "description": "a description",
            "fingerprint": "Ag8N8d_Cx6Q=",
            "header_action": [],
            "host_rule": [],
            "id": "projects/careful-lock-271320/global/urlMaps/urlmap",
            "map_id": 1700709826192170962,
            "name": "urlmap",
            "path_matcher": [],
            "project": "careful-lock-271320",
            "self_link": "https://www.googleapis.com/compute/v1/projects/careful-lock-271320/global/urlMaps/urlmap",
            "test": [],
            "timeouts": null
          },
          "private": "eyJlMmJmYjczMC1lY2FhLTExZTYtOGY4OC0zNDM2M2JjN2M0YzAiOnsiY3JlYXRlIjoyNDAwMDAwMDAwMDAsImRlbGV0ZSI6MjQwMDAwMDAwMDAwLCJ1cGRhdGUiOjI0MDAwMDAwMDAwMH19",
          "dependencies": [
            "google_compute_backend_service.home",
            "google_compute_http_health_check.default"
          ]
        }
      ]
    }
  ]
}
